// !$*UTF8*$!
{
	archiveVersion = 1;
	classes = {
	};
	objectVersion = 50;
	objects = {

/* Begin PBXBuildFile section */
		190C5595227DBBFF00D903D7 /* AppDelegate.swift in Sources */ = {isa = PBXBuildFile; fileRef = 190C5594227DBBFF00D903D7 /* AppDelegate.swift */; };
		190C5597227DBBFF00D903D7 /* ViewController.swift in Sources */ = {isa = PBXBuildFile; fileRef = 190C5596227DBBFF00D903D7 /* ViewController.swift */; };
		190C559A227DBBFF00D903D7 /* Main.storyboard in Resources */ = {isa = PBXBuildFile; fileRef = 190C5598227DBBFF00D903D7 /* Main.storyboard */; };
		190C559C227DBC0700D903D7 /* Assets.xcassets in Resources */ = {isa = PBXBuildFile; fileRef = 190C559B227DBC0700D903D7 /* Assets.xcassets */; };
		190C559F227DBC0700D903D7 /* LaunchScreen.storyboard in Resources */ = {isa = PBXBuildFile; fileRef = 190C559D227DBC0700D903D7 /* LaunchScreen.storyboard */; };
		190C55AA227DBC0700D903D7 /* GameOfLifeTests.swift in Sources */ = {isa = PBXBuildFile; fileRef = 190C55A9227DBC0700D903D7 /* GameOfLifeTests.swift */; };
		190C55B7227DC11100D903D7 /* CellBoard.swift in Sources */ = {isa = PBXBuildFile; fileRef = 190C55B6227DC11100D903D7 /* CellBoard.swift */; };
		190C55B8227DC11100D903D7 /* CellBoard.swift in Sources */ = {isa = PBXBuildFile; fileRef = 190C55B6227DC11100D903D7 /* CellBoard.swift */; };
		190C55BA227DC1FB00D903D7 /* Game.swift in Sources */ = {isa = PBXBuildFile; fileRef = 190C55B9227DC1FB00D903D7 /* Game.swift */; };
		190C55BB227DC1FB00D903D7 /* Game.swift in Sources */ = {isa = PBXBuildFile; fileRef = 190C55B9227DC1FB00D903D7 /* Game.swift */; };
/* End PBXBuildFile section */

/* Begin PBXContainerItemProxy section */
		190C55A6227DBC0700D903D7 /* PBXContainerItemProxy */ = {
			isa = PBXContainerItemProxy;
			containerPortal = 190C5589227DBBFF00D903D7 /* Project object */;
			proxyType = 1;
			remoteGlobalIDString = 190C5590227DBBFF00D903D7;
			remoteInfo = GameOfLife;
		};
/* End PBXContainerItemProxy section */

/* Begin PBXFileReference section */
		190C5591227DBBFF00D903D7 /* GameOfLife.app */ = {isa = PBXFileReference; explicitFileType = wrapper.application; includeInIndex = 0; path = GameOfLife.app; sourceTree = BUILT_PRODUCTS_DIR; };
		190C5594227DBBFF00D903D7 /* AppDelegate.swift */ = {isa = PBXFileReference; lastKnownFileType = sourcecode.swift; path = AppDelegate.swift; sourceTree = "<group>"; };
		190C5596227DBBFF00D903D7 /* ViewController.swift */ = {isa = PBXFileReference; lastKnownFileType = sourcecode.swift; path = ViewController.swift; sourceTree = "<group>"; };
		190C5599227DBBFF00D903D7 /* Base */ = {isa = PBXFileReference; lastKnownFileType = file.storyboard; name = Base; path = Base.lproj/Main.storyboard; sourceTree = "<group>"; };
		190C559B227DBC0700D903D7 /* Assets.xcassets */ = {isa = PBXFileReference; lastKnownFileType = folder.assetcatalog; path = Assets.xcassets; sourceTree = "<group>"; };
		190C559E227DBC0700D903D7 /* Base */ = {isa = PBXFileReference; lastKnownFileType = file.storyboard; name = Base; path = Base.lproj/LaunchScreen.storyboard; sourceTree = "<group>"; };
		190C55A0227DBC0700D903D7 /* Info.plist */ = {isa = PBXFileReference; lastKnownFileType = text.plist.xml; path = Info.plist; sourceTree = "<group>"; };
		190C55A5227DBC0700D903D7 /* GameOfLifeTests.xctest */ = {isa = PBXFileReference; explicitFileType = wrapper.cfbundle; includeInIndex = 0; path = GameOfLifeTests.xctest; sourceTree = BUILT_PRODUCTS_DIR; };
		190C55A9227DBC0700D903D7 /* GameOfLifeTests.swift */ = {isa = PBXFileReference; lastKnownFileType = sourcecode.swift; path = GameOfLifeTests.swift; sourceTree = "<group>"; };
		190C55AB227DBC0700D903D7 /* Info.plist */ = {isa = PBXFileReference; lastKnownFileType = text.plist.xml; path = Info.plist; sourceTree = "<group>"; };
		190C55B6227DC11100D903D7 /* CellBoard.swift */ = {isa = PBXFileReference; lastKnownFileType = sourcecode.swift; path = CellBoard.swift; sourceTree = "<group>"; };
		190C55B9227DC1FB00D903D7 /* Game.swift */ = {isa = PBXFileReference; lastKnownFileType = sourcecode.swift; path = Game.swift; sourceTree = "<group>"; };
/* End PBXFileReference section */

/* Begin PBXFrameworksBuildPhase section */
		190C558E227DBBFF00D903D7 /* Frameworks */ = {
			isa = PBXFrameworksBuildPhase;
			buildActionMask = 2147483647;
			files = (
			);
			runOnlyForDeploymentPostprocessing = 0;
		};
		190C55A2227DBC0700D903D7 /* Frameworks */ = {
			isa = PBXFrameworksBuildPhase;
			buildActionMask = 2147483647;
			files = (
			);
			runOnlyForDeploymentPostprocessing = 0;
		};
/* End PBXFrameworksBuildPhase section */

/* Begin PBXGroup section */
		190C5588227DBBFF00D903D7 = {
			isa = PBXGroup;
			children = (
				190C5593227DBBFF00D903D7 /* GameOfLife */,
				190C55A8227DBC0700D903D7 /* GameOfLifeTests */,
				190C5592227DBBFF00D903D7 /* Products */,
			);
			sourceTree = "<group>";
		};
		190C5592227DBBFF00D903D7 /* Products */ = {
			isa = PBXGroup;
			children = (
				190C5591227DBBFF00D903D7 /* GameOfLife.app */,
				190C55A5227DBC0700D903D7 /* GameOfLifeTests.xctest */,
			);
			name = Products;
			sourceTree = "<group>";
		};
		190C5593227DBBFF00D903D7 /* GameOfLife */ = {
			isa = PBXGroup;
			children = (
				190C5594227DBBFF00D903D7 /* AppDelegate.swift */,
				190C5596227DBBFF00D903D7 /* ViewController.swift */,
				190C5598227DBBFF00D903D7 /* Main.storyboard */,
				190C559B227DBC0700D903D7 /* Assets.xcassets */,
				190C559D227DBC0700D903D7 /* LaunchScreen.storyboard */,
				190C55A0227DBC0700D903D7 /* Info.plist */,
				190C55B6227DC11100D903D7 /* CellBoard.swift */,
				190C55B9227DC1FB00D903D7 /* Game.swift */,
			);
			path = GameOfLife;
			sourceTree = "<group>";
		};
		190C55A8227DBC0700D903D7 /* GameOfLifeTests */ = {
			isa = PBXGroup;
			children = (
				190C55A9227DBC0700D903D7 /* GameOfLifeTests.swift */,
				190C55AB227DBC0700D903D7 /* Info.plist */,
			);
			path = GameOfLifeTests;
			sourceTree = "<group>";
		};
/* End PBXGroup section */

/* Begin PBXNativeTarget section */
		190C5590227DBBFF00D903D7 /* GameOfLife */ = {
			isa = PBXNativeTarget;
			buildConfigurationList = 190C55AE227DBC0700D903D7 /* Build configuration list for PBXNativeTarget "GameOfLife" */;
			buildPhases = (
				190C558D227DBBFF00D903D7 /* Sources */,
				190C558E227DBBFF00D903D7 /* Frameworks */,
				190C558F227DBBFF00D903D7 /* Resources */,
			);
			buildRules = (
			);
			dependencies = (
			);
			name = GameOfLife;
			productName = GameOfLife;
			productReference = 190C5591227DBBFF00D903D7 /* GameOfLife.app */;
			productType = "com.apple.product-type.application";
		};
		190C55A4227DBC0700D903D7 /* GameOfLifeTests */ = {
			isa = PBXNativeTarget;
			buildConfigurationList = 190C55B1227DBC0700D903D7 /* Build configuration list for PBXNativeTarget "GameOfLifeTests" */;
			buildPhases = (
				190C55A1227DBC0700D903D7 /* Sources */,
				190C55A2227DBC0700D903D7 /* Frameworks */,
				190C55A3227DBC0700D903D7 /* Resources */,
			);
			buildRules = (
			);
			dependencies = (
				190C55A7227DBC0700D903D7 /* PBXTargetDependency */,
			);
			name = GameOfLifeTests;
			productName = GameOfLifeTests;
			productReference = 190C55A5227DBC0700D903D7 /* GameOfLifeTests.xctest */;
			productType = "com.apple.product-type.bundle.unit-test";
		};
/* End PBXNativeTarget section */

/* Begin PBXProject section */
		190C5589227DBBFF00D903D7 /* Project object */ = {
			isa = PBXProject;
			attributes = {
				LastSwiftUpdateCheck = 1020;
				LastUpgradeCheck = 1020;
				ORGANIZATIONNAME = xelion.nl;
				TargetAttributes = {
					190C5590227DBBFF00D903D7 = {
						CreatedOnToolsVersion = 10.2.1;
					};
					190C55A4227DBC0700D903D7 = {
						CreatedOnToolsVersion = 10.2.1;
						TestTargetID = 190C5590227DBBFF00D903D7;
					};
				};
			};
			buildConfigurationList = 190C558C227DBBFF00D903D7 /* Build configuration list for PBXProject "GameOfLife" */;
			compatibilityVersion = "Xcode 9.3";
			developmentRegion = en;
			hasScannedForEncodings = 0;
			knownRegions = (
				en,
				Base,
			);
			mainGroup = 190C5588227DBBFF00D903D7;
			productRefGroup = 190C5592227DBBFF00D903D7 /* Products */;
			projectDirPath = "";
			projectRoot = "";
			targets = (
				190C5590227DBBFF00D903D7 /* GameOfLife */,
				190C55A4227DBC0700D903D7 /* GameOfLifeTests */,
			);
		};
/* End PBXProject section */

/* Begin PBXResourcesBuildPhase section */
		190C558F227DBBFF00D903D7 /* Resources */ = {
			isa = PBXResourcesBuildPhase;
			buildActionMask = 2147483647;
			files = (
				190C559F227DBC0700D903D7 /* LaunchScreen.storyboard in Resources */,
				190C559C227DBC0700D903D7 /* Assets.xcassets in Resources */,
				190C559A227DBBFF00D903D7 /* Main.storyboard in Resources */,
			);
			runOnlyForDeploymentPostprocessing = 0;
		};
		190C55A3227DBC0700D903D7 /* Resources */ = {
			isa = PBXResourcesBuildPhase;
			buildActionMask = 2147483647;
			files = (
			);
			runOnlyForDeploymentPostprocessing = 0;
		};
/* End PBXResourcesBuildPhase section */

/* Begin PBXSourcesBuildPhase section */
		190C558D227DBBFF00D903D7 /* Sources */ = {
			isa = PBXSourcesBuildPhase;
			buildActionMask = 2147483647;
			files = (
				190C5597227DBBFF00D903D7 /* ViewController.swift in Sources */,
				190C55B7227DC11100D903D7 /* CellBoard.swift in Sources */,
				190C5595227DBBFF00D903D7 /* AppDelegate.swift in Sources */,
				190C55BA227DC1FB00D903D7 /* Game.swift in Sources */,
			);
			runOnlyForDeploymentPostprocessing = 0;
		};
		190C55A1227DBC0700D903D7 /* Sources */ = {
			isa = PBXSourcesBuildPhase;
			buildActionMask = 2147483647;
			files = (
				190C55B8227DC11100D903D7 /* CellBoard.swift in Sources */,
				190C55BB227DC1FB00D903D7 /* Game.swift in Sources */,
				190C55AA227DBC0700D903D7 /* GameOfLifeTests.swift in Sources */,
			);
			runOnlyForDeploymentPostprocessing = 0;
		};
/* End PBXSourcesBuildPhase section */

/* Begin PBXTargetDependency section */
		190C55A7227DBC0700D903D7 /* PBXTargetDependency */ = {
			isa = PBXTargetDependency;
			target = 190C5590227DBBFF00D903D7 /* GameOfLife */;
			targetProxy = 190C55A6227DBC0700D903D7 /* PBXContainerItemProxy */;
		};
/* End PBXTargetDependency section */

/* Begin PBXVariantGroup section */
		190C5598227DBBFF00D903D7 /* Main.storyboard */ = {
			isa = PBXVariantGroup;
			children = (
				190C5599227DBBFF00D903D7 /* Base */,
			);
			name = Main.storyboard;
			sourceTree = "<group>";
		};
		190C559D227DBC0700D903D7 /* LaunchScreen.storyboard */ = {
			isa = PBXVariantGroup;
			children = (
				190C559E227DBC0700D903D7 /* Base */,
			);
			name = LaunchScreen.storyboard;
			sourceTree = "<group>";
		};
/* End PBXVariantGroup section */

/* Begin XCBuildConfiguration section */
		190C55AC227DBC0700D903D7 /* Debug */ = {
			isa = XCBuildConfiguration;
			buildSettings = {
				ALWAYS_SEARCH_USER_PATHS = NO;
				CLANG_ANALYZER_NONNULL = YES;
				CLANG_ANALYZER_NUMBER_OBJECT_CONVERSION = YES_AGGRESSIVE;
				CLANG_CXX_LANGUAGE_STANDARD = "gnu++14";
				CLANG_CXX_LIBRARY = "libc++";
				CLANG_ENABLE_MODULES = YES;
				CLANG_ENABLE_OBJC_ARC = YES;
				CLANG_ENABLE_OBJC_WEAK = YES;
				CLANG_WARN_BLOCK_CAPTURE_AUTORELEASING = YES;
				CLANG_WARN_BOOL_CONVERSION = YES;
				CLANG_WARN_COMMA = YES;
				CLANG_WARN_CONSTANT_CONVERSION = YES;
				CLANG_WARN_DEPRECATED_OBJC_IMPLEMENTATIONS = YES;
				CLANG_WARN_DIRECT_OBJC_ISA_USAGE = YES_ERROR;
				CLANG_WARN_DOCUMENTATION_COMMENTS = YES;
				CLANG_WARN_EMPTY_BODY = YES;
				CLANG_WARN_ENUM_CONVERSION = YES;
				CLANG_WARN_INFINITE_RECURSION = YES;
				CLANG_WARN_INT_CONVERSION = YES;
				CLANG_WARN_NON_LITERAL_NULL_CONVERSION = YES;
				CLANG_WARN_OBJC_IMPLICIT_RETAIN_SELF = YES;
				CLANG_WARN_OBJC_LITERAL_CONVERSION = YES;
				CLANG_WARN_OBJC_ROOT_CLASS = YES_ERROR;
				CLANG_WARN_RANGE_LOOP_ANALYSIS = YES;
				CLANG_WARN_STRICT_PROTOTYPES = YES;
				CLANG_WARN_SUSPICIOUS_MOVE = YES;
				CLANG_WARN_UNGUARDED_AVAILABILITY = YES_AGGRESSIVE;
				CLANG_WARN_UNREACHABLE_CODE = YES;
				CLANG_WARN__DUPLICATE_METHOD_MATCH = YES;
				CODE_SIGN_IDENTITY = "iPhone Developer";
				COPY_PHASE_STRIP = NO;
				DEBUG_INFORMATION_FORMAT = dwarf;
				ENABLE_STRICT_OBJC_MSGSEND = YES;
				ENABLE_TESTABILITY = YES;
				GCC_C_LANGUAGE_STANDARD = gnu11;
				GCC_DYNAMIC_NO_PIC = NO;
				GCC_NO_COMMON_BLOCKS = YES;
				GCC_OPTIMIZATION_LEVEL = 0;
				GCC_PREPROCESSOR_DEFINITIONS = (
					"DEBUG=1",
					"$(inherited)",
				);
				GCC_WARN_64_TO_32_BIT_CONVERSION = YES;
				GCC_WARN_ABOUT_RETURN_TYPE = YES_ERROR;
				GCC_WARN_UNDECLARED_SELECTOR = YES;
				GCC_WARN_UNINITIALIZED_AUTOS = YES_AGGRESSIVE;
				GCC_WARN_UNUSED_FUNCTION = YES;
				GCC_WARN_UNUSED_VARIABLE = YES;
				IPHONEOS_DEPLOYMENT_TARGET = 12.2;
				MTL_ENABLE_DEBUG_INFO = INCLUDE_SOURCE;
				MTL_FAST_MATH = YES;
				ONLY_ACTIVE_ARCH = YES;
				SDKROOT = iphoneos;
				SWIFT_ACTIVE_COMPILATION_CONDITIONS = DEBUG;
				SWIFT_OPTIMIZATION_LEVEL = "-Onone";
			};
			name = Debug;
		};
		190C55AD227DBC0700D903D7 /* Release */ = {
			isa = XCBuildConfiguration;
			buildSettings = {
				ALWAYS_SEARCH_USER_PATHS = NO;
				CLANG_ANALYZER_NONNULL = YES;
				CLANG_ANALYZER_NUMBER_OBJECT_CONVERSION = YES_AGGRESSIVE;
				CLANG_CXX_LANGUAGE_STANDARD = "gnu++14";
				CLANG_CXX_LIBRARY = "libc++";
				CLANG_ENABLE_MODULES = YES;
				CLANG_ENABLE_OBJC_ARC = YES;
				CLANG_ENABLE_OBJC_WEAK = YES;
				CLANG_WARN_BLOCK_CAPTURE_AUTORELEASING = YES;
				CLANG_WARN_BOOL_CONVERSION = YES;
				CLANG_WARN_COMMA = YES;
				CLANG_WARN_CONSTANT_CONVERSION = YES;
				CLANG_WARN_DEPRECATED_OBJC_IMPLEMENTATIONS = YES;
				CLANG_WARN_DIRECT_OBJC_ISA_USAGE = YES_ERROR;
				CLANG_WARN_DOCUMENTATION_COMMENTS = YES;
				CLANG_WARN_EMPTY_BODY = YES;
				CLANG_WARN_ENUM_CONVERSION = YES;
				CLANG_WARN_INFINITE_RECURSION = YES;
				CLANG_WARN_INT_CONVERSION = YES;
				CLANG_WARN_NON_LITERAL_NULL_CONVERSION = YES;
				CLANG_WARN_OBJC_IMPLICIT_RETAIN_SELF = YES;
				CLANG_WARN_OBJC_LITERAL_CONVERSION = YES;
				CLANG_WARN_OBJC_ROOT_CLASS = YES_ERROR;
				CLANG_WARN_RANGE_LOOP_ANALYSIS = YES;
				CLANG_WARN_STRICT_PROTOTYPES = YES;
				CLANG_WARN_SUSPICIOUS_MOVE = YES;
				CLANG_WARN_UNGUARDED_AVAILABILITY = YES_AGGRESSIVE;
				CLANG_WARN_UNREACHABLE_CODE = YES;
				CLANG_WARN__DUPLICATE_METHOD_MATCH = YES;
				CODE_SIGN_IDENTITY = "iPhone Developer";
				COPY_PHASE_STRIP = NO;
				DEBUG_INFORMATION_FORMAT = "dwarf-with-dsym";
				ENABLE_NS_ASSERTIONS = NO;
				ENABLE_STRICT_OBJC_MSGSEND = YES;
				GCC_C_LANGUAGE_STANDARD = gnu11;
				GCC_NO_COMMON_BLOCKS = YES;
				GCC_WARN_64_TO_32_BIT_CONVERSION = YES;
				GCC_WARN_ABOUT_RETURN_TYPE = YES_ERROR;
				GCC_WARN_UNDECLARED_SELECTOR = YES;
				GCC_WARN_UNINITIALIZED_AUTOS = YES_AGGRESSIVE;
				GCC_WARN_UNUSED_FUNCTION = YES;
				GCC_WARN_UNUSED_VARIABLE = YES;
				IPHONEOS_DEPLOYMENT_TARGET = 12.2;
				MTL_ENABLE_DEBUG_INFO = NO;
				MTL_FAST_MATH = YES;
				SDKROOT = iphoneos;
				SWIFT_COMPILATION_MODE = wholemodule;
				SWIFT_OPTIMIZATION_LEVEL = "-O";
				VALIDATE_PRODUCT = YES;
			};
			name = Release;
		};
		190C55AF227DBC0700D903D7 /* Debug */ = {
			isa = XCBuildConfiguration;
			buildSettings = {
				ASSETCATALOG_COMPILER_APPICON_NAME = AppIcon;
				CODE_SIGN_STYLE = Automatic;
				DEVELOPMENT_TEAM = X37H2S679C;
				INFOPLIST_FILE = GameOfLife/Info.plist;
				LD_RUNPATH_SEARCH_PATHS = (
					"$(inherited)",
					"@executable_path/Frameworks",
				);
				PRODUCT_BUNDLE_IDENTIFIER = nl.xelion.GameOfLife;
				PRODUCT_NAME = "$(TARGET_NAME)";
				SWIFT_VERSION = 5.0;
				TARGETED_DEVICE_FAMILY = "1,2";
			};
			name = Debug;
		};
		190C55B0227DBC0700D903D7 /* Release */ = {
			isa = XCBuildConfiguration;
			buildSettings = {
				ASSETCATALOG_COMPILER_APPICON_NAME = AppIcon;
				CODE_SIGN_STYLE = Automatic;
				DEVELOPMENT_TEAM = X37H2S679C;
				INFOPLIST_FILE = GameOfLife/Info.plist;
				LD_RUNPATH_SEARCH_PATHS = (
					"$(inherited)",
					"@executable_path/Frameworks",
				);
				PRODUCT_BUNDLE_IDENTIFIER = nl.xelion.GameOfLife;
				PRODUCT_NAME = "$(TARGET_NAME)";
				SWIFT_VERSION = 5.0;
				TARGETED_DEVICE_FAMILY = "1,2";
			};
			name = Release;
		};
		190C55B2227DBC0700D903D7 /* Debug */ = {
			isa = XCBuildConfiguration;
			buildSettings = {
				ALWAYS_EMBED_SWIFT_STANDARD_LIBRARIES = YES;
				BUNDLE_LOADER = "$(TEST_HOST)";
				CODE_SIGN_STYLE = Automatic;
				DEVELOPMENT_TEAM = X37H2S679C;
				INFOPLIST_FILE = GameOfLifeTests/Info.plist;
				LD_RUNPATH_SEARCH_PATHS = (
					"$(inherited)",
					"@executable_path/Frameworks",
					"@loader_path/Frameworks",
				);
				PRODUCT_BUNDLE_IDENTIFIER = nl.xelion.GameOfLifeTests;
				PRODUCT_NAME = "$(TARGET_NAME)";
				SWIFT_VERSION = 5.0;
				TARGETED_DEVICE_FAMILY = "1,2";
				TEST_HOST = "$(BUILT_PRODUCTS_DIR)/GameOfLife.app/GameOfLife";
			};
			name = Debug;
		};
		190C55B3227DBC0700D903D7 /* Release */ = {
			isa = XCBuildConfiguration;
			buildSettings = {
				ALWAYS_EMBED_SWIFT_STANDARD_LIBRARIES = YES;
				BUNDLE_LOADER = "$(TEST_HOST)";
				CODE_SIGN_STYLE = Automatic;
				DEVELOPMENT_TEAM = X37H2S679C;
				INFOPLIST_FILE = GameOfLifeTests/Info.plist;
				LD_RUNPATH_SEARCH_PATHS = (
					"$(inherited)",
					"@executable_path/Frameworks",
					"@loader_path/Frameworks",
				);
				PRODUCT_BUNDLE_IDENTIFIER = nl.xelion.GameOfLifeTests;
				PRODUCT_NAME = "$(TARGET_NAME)";
				SWIFT_VERSION = 5.0;
				TARGETED_DEVICE_FAMILY = "1,2";
				TEST_HOST = "$(BUILT_PRODUCTS_DIR)/GameOfLife.app/GameOfLife";
			};
			name = Release;
		};
/* End XCBuildConfiguration section */

/* Begin XCConfigurationList section */
		190C558C227DBBFF00D903D7 /* Build configuration list for PBXProject "GameOfLife" */ = {
			isa = XCConfigurationList;
			buildConfigurations = (
				190C55AC227DBC0700D903D7 /* Debug */,
				190C55AD227DBC0700D903D7 /* Release */,
			);
			defaultConfigurationIsVisible = 0;
			defaultConfigurationName = Release;
		};
		190C55AE227DBC0700D903D7 /* Build configuration list for PBXNativeTarget "GameOfLife" */ = {
			isa = XCConfigurationList;
			buildConfigurations = (
				190C55AF227DBC0700D903D7 /* Debug */,
				190C55B0227DBC0700D903D7 /* Release */,
			);
			defaultConfigurationIsVisible = 0;
			defaultConfigurationName = Release;
		};
		190C55B1227DBC0700D903D7 /* Build configuration list for PBXNativeTarget "GameOfLifeTests" */ = {
			isa = XCConfigurationList;
			buildConfigurations = (
				190C55B2227DBC0700D903D7 /* Debug */,
				190C55B3227DBC0700D903D7 /* Release */,
			);
			defaultConfigurationIsVisible = 0;
			defaultConfigurationName = Release;
		};
/* End XCConfigurationList section */
	};
	rootObject = 190C5589227DBBFF00D903D7 /* Project object */;
}
